
Microsoft Visual Studio Solution File, Format Version 12.00
# Visual Studio 14
VisualStudioVersion = 14.0.25420.1
MinimumVisualStudioVersion = 10.0.40219.1
Project("{FAE04EC0-301F-11D3-BF4B-00C04F79EFBC}") = "CharacterSheet", "CharacterSheet\CharacterSheet.csproj", "{E94C9687-412A-425D-A5A7-2F314A9B1B73}"
EndProject
Project("{FAE04EC0-301F-11D3-BF4B-00C04F79EFBC}") = "CharacterSheet.Core", "CharacterSheet.Core\CharacterSheet.Core.csproj", "{57A85F8F-E7AA-4C3B-86DF-0DEF8AA4893A}"
EndProject
Project("{FAE04EC0-301F-11D3-BF4B-00C04F79EFBC}") = "CharacterSheet.Infrastructure", "CharacterSheet.Infrastructure\CharacterSheet.Infrastructure.csproj", "{305104AF-961D-4EF8-9696-1AAB8BB4ED11}"
EndProject
Global
	GlobalSection(SolutionConfigurationPlatforms) = preSolution
		Debug|Any CPU = Debug|Any CPU
		Release|Any CPU = Release|Any CPU
	EndGlobalSection
	GlobalSection(ProjectConfigurationPlatforms) = postSolution
		{E94C9687-412A-425D-A5A7-2F314A9B1B73}.Debug|Any CPU.ActiveCfg = Debug|Any CPU
		{E94C9687-412A-425D-A5A7-2F314A9B1B73}.Debug|Any CPU.Build.0 = Debug|Any CPU
		{E94C9687-412A-425D-A5A7-2F314A9B1B73}.Release|Any CPU.ActiveCfg = Release|Any CPU
		{E94C9687-412A-425D-A5A7-2F314A9B1B73}.Release|Any CPU.Build.0 = Release|Any CPU
		{57A85F8F-E7AA-4C3B-86DF-0DEF8AA4893A}.Debug|Any CPU.ActiveCfg = Debug|Any CPU
		{57A85F8F-E7AA-4C3B-86DF-0DEF8AA4893A}.Debug|Any CPU.Build.0 = Debug|Any CPU
		{57A85F8F-E7AA-4C3B-86DF-0DEF8AA4893A}.Release|Any CPU.ActiveCfg = Release|Any CPU
		{57A85F8F-E7AA-4C3B-86DF-0DEF8AA4893A}.Release|Any CPU.Build.0 = Release|Any CPU
		{305104AF-961D-4EF8-9696-1AAB8BB4ED11}.Debug|Any CPU.ActiveCfg = Debug|Any CPU
		{305104AF-961D-4EF8-9696-1AAB8BB4ED11}.Debug|Any CPU.Build.0 = Debug|Any CPU
		{305104AF-961D-4EF8-9696-1AAB8BB4ED11}.Release|Any CPU.ActiveCfg = Release|Any CPU
		{305104AF-961D-4EF8-9696-1AAB8BB4ED11}.Release|Any CPU.Build.0 = Release|Any CPU
	EndGlobalSection
	GlobalSection(SolutionProperties) = preSolution
		HideSolutionNode = FALSE
	EndGlobalSection
EndGlobal
